
Microsoft Visual Studio Solution File, Format Version 12.00
# Visual Studio 15
VisualStudioVersion = 15.0.28307.106
MinimumVisualStudioVersion = 10.0.40219.1
Project("{FAE04EC0-301F-11D3-BF4B-00C04F79EFBC}") = "WalrusBot", "WalrusBot\WalrusBot.csproj", "{EFE5FE15-92C9-48B6-8811-8FA3E37846CA}"
EndProject
Global
	GlobalSection(SolutionConfigurationPlatforms) = preSolution
		Debug|Any CPU = Debug|Any CPU
		Release|Any CPU = Release|Any CPU
	EndGlobalSection
	GlobalSection(ProjectConfigurationPlatforms) = postSolution
		{EFE5FE15-92C9-48B6-8811-8FA3E37846CA}.Debug|Any CPU.ActiveCfg = Debug|Any CPU
		{EFE5FE15-92C9-48B6-8811-8FA3E37846CA}.Debug|Any CPU.Build.0 = Debug|Any CPU
		{EFE5FE15-92C9-48B6-8811-8FA3E37846CA}.Release|Any CPU.ActiveCfg = Release|Any CPU
		{EFE5FE15-92C9-48B6-8811-8FA3E37846CA}.Release|Any CPU.Build.0 = Release|Any CPU
	EndGlobalSection
	GlobalSection(SolutionProperties) = preSolution
		HideSolutionNode = FALSE
	EndGlobalSection
	GlobalSection(ExtensibilityGlobals) = postSolution
		SolutionGuid = {6561B4B9-B356-4BF2-9500-C5B712153FA6}
	EndGlobalSection
EndGlobal
